
Microsoft Visual Studio Solution File, Format Version 12.00
# Visual Studio Version 16
VisualStudioVersion = 16.0.29215.179
MinimumVisualStudioVersion = 10.0.40219.1
Project("{FAE04EC0-301F-11D3-BF4B-00C04F79EFBC}") = "BenchmarkDotNetTest", "BenchmarkDotNetTest\BenchmarkDotNetTest.csproj", "{F32C568E-AE33-4A69-8AFD-A0FE48ED8E99}"
EndProject
Project("{FAE04EC0-301F-11D3-BF4B-00C04F79EFBC}") = "BenchmarkDotNetTarget", "BenchmarkDotNetTarget\BenchmarkDotNetTarget.csproj", "{A5C8095D-D153-45CF-9C01-A406FA35D968}"
EndProject
Global
	GlobalSection(SolutionConfigurationPlatforms) = preSolution
		Debug|Any CPU = Debug|Any CPU
		Release|Any CPU = Release|Any CPU
	EndGlobalSection
	GlobalSection(ProjectConfigurationPlatforms) = postSolution
		{F32C568E-AE33-4A69-8AFD-A0FE48ED8E99}.Debug|Any CPU.ActiveCfg = Debug|Any CPU
		{F32C568E-AE33-4A69-8AFD-A0FE48ED8E99}.Debug|Any CPU.Build.0 = Debug|Any CPU
		{F32C568E-AE33-4A69-8AFD-A0FE48ED8E99}.Release|Any CPU.ActiveCfg = Release|Any CPU
		{F32C568E-AE33-4A69-8AFD-A0FE48ED8E99}.Release|Any CPU.Build.0 = Release|Any CPU
		{A5C8095D-D153-45CF-9C01-A406FA35D968}.Debug|Any CPU.ActiveCfg = Debug|Any CPU
		{A5C8095D-D153-45CF-9C01-A406FA35D968}.Debug|Any CPU.Build.0 = Debug|Any CPU
		{A5C8095D-D153-45CF-9C01-A406FA35D968}.Release|Any CPU.ActiveCfg = Release|Any CPU
		{A5C8095D-D153-45CF-9C01-A406FA35D968}.Release|Any CPU.Build.0 = Release|Any CPU
	EndGlobalSection
	GlobalSection(SolutionProperties) = preSolution
		HideSolutionNode = FALSE
	EndGlobalSection
	GlobalSection(ExtensibilityGlobals) = postSolution
		SolutionGuid = {9F0621E0-0C82-4153-83AA-23F2B17B2AA9}
	EndGlobalSection
EndGlobal
